Microsoft Visual Studio Solution File, Format Version 12.00
# Visual Studio Version 17
VisualStudioVersion = 17.5.2.0
MinimumVisualStudioVersion = 10.0.40219.1
Project("{FAE04EC0-301F-11D3-BF4B-00C04F79EFBC}") = "AzureExtension", "AzureExtension.csproj", "{9AB07AD0-1A15-705B-DFA4-FAEB8294F679}"
EndProject
Project("{FAE04EC0-301F-11D3-BF4B-00C04F79EFBC}") = "AzureExtension.Test", "..\AzureExtension.Test\AzureExtension.Test.csproj", "{00545E19-FF2A-CC4C-6A6D-137A495B9686}"
EndProject
Global
	GlobalSection(SolutionConfigurationPlatforms) = preSolution
		Debug|Any CPU = Debug|Any CPU
		Debug|x64 = Debug|x64
		Release|Any CPU = Release|Any CPU
		Release|x64 = Release|x64
	EndGlobalSection
	GlobalSection(ProjectConfigurationPlatforms) = postSolution
		{9AB07AD0-1A15-705B-DFA4-FAEB8294F679}.Debug|Any CPU.ActiveCfg = Debug|Any CPU
		{9AB07AD0-1A15-705B-DFA4-FAEB8294F679}.Debug|Any CPU.Build.0 = Debug|Any CPU
		{9AB07AD0-1A15-705B-DFA4-FAEB8294F679}.Debug|x64.ActiveCfg = Debug|x64
		{9AB07AD0-1A15-705B-DFA4-FAEB8294F679}.Debug|x64.Build.0 = Debug|x64
		{9AB07AD0-1A15-705B-DFA4-FAEB8294F679}.Debug|x64.Deploy.0 = Debug|x64
		{9AB07AD0-1A15-705B-DFA4-FAEB8294F679}.Release|Any CPU.ActiveCfg = Release|Any CPU
		{9AB07AD0-1A15-705B-DFA4-FAEB8294F679}.Release|Any CPU.Build.0 = Release|Any CPU
		{9AB07AD0-1A15-705B-DFA4-FAEB8294F679}.Release|x64.ActiveCfg = Release|x64
		{9AB07AD0-1A15-705B-DFA4-FAEB8294F679}.Release|x64.Build.0 = Release|x64
		{9AB07AD0-1A15-705B-DFA4-FAEB8294F679}.Release|x64.Deploy.0 = Release|x64
		{00545E19-FF2A-CC4C-6A6D-137A495B9686}.Debug|Any CPU.ActiveCfg = Debug|x64
		{00545E19-FF2A-CC4C-6A6D-137A495B9686}.Debug|Any CPU.Build.0 = Debug|x64
		{00545E19-FF2A-CC4C-6A6D-137A495B9686}.Debug|x64.ActiveCfg = Debug|x64
		{00545E19-FF2A-CC4C-6A6D-137A495B9686}.Debug|x64.Build.0 = Debug|x64
		{00545E19-FF2A-CC4C-6A6D-137A495B9686}.Release|Any CPU.ActiveCfg = Release|x64
		{00545E19-FF2A-CC4C-6A6D-137A495B9686}.Release|Any CPU.Build.0 = Release|x64
		{00545E19-FF2A-CC4C-6A6D-137A495B9686}.Release|x64.ActiveCfg = Release|x64
		{00545E19-FF2A-CC4C-6A6D-137A495B9686}.Release|x64.Build.0 = Release|x64
	EndGlobalSection
	GlobalSection(SolutionProperties) = preSolution
		HideSolutionNode = FALSE
	EndGlobalSection
	GlobalSection(ExtensibilityGlobals) = postSolution
		SolutionGuid = {7B710DAF-F4A6-469A-A8A2-09B23CE170EF}
	EndGlobalSection
EndGlobal
